Microsoft Visual Studio Solution File, Format Version 12.00
# Visual Studio Version 17
VisualStudioVersion = 17.5.2.0
MinimumVisualStudioVersion = 10.0.40219.1
Project("{FAE04EC0-301F-11D3-BF4B-00C04F79EFBC}") = "AIIntegrations", "AIIntegrations.csproj", "{1A19504F-8F94-1506-9767-AC07189A4AE0}"
EndProject
Global
	GlobalSection(SolutionConfigurationPlatforms) = preSolution
		Debug|Any CPU = Debug|Any CPU
		Release|Any CPU = Release|Any CPU
	EndGlobalSection
	GlobalSection(ProjectConfigurationPlatforms) = postSolution
		{1A19504F-8F94-1506-9767-AC07189A4AE0}.Debug|Any CPU.ActiveCfg = Debug|Any CPU
		{1A19504F-8F94-1506-9767-AC07189A4AE0}.Debug|Any CPU.Build.0 = Debug|Any CPU
		{1A19504F-8F94-1506-9767-AC07189A4AE0}.Release|Any CPU.ActiveCfg = Release|Any CPU
		{1A19504F-8F94-1506-9767-AC07189A4AE0}.Release|Any CPU.Build.0 = Release|Any CPU
	EndGlobalSection
	GlobalSection(SolutionProperties) = preSolution
		HideSolutionNode = FALSE
	EndGlobalSection
	GlobalSection(ExtensibilityGlobals) = postSolution
		SolutionGuid = {6B80DE4E-2214-496D-8E37-72675F4423FF}
	EndGlobalSection
EndGlobal
